
Microsoft Visual Studio Solution File, Format Version 12.00
# Visual Studio Version 17
VisualStudioVersion = 17.5.002.0
MinimumVisualStudioVersion = 10.0.40219.1
Project("{9A19103F-16F7-4668-BE54-9A1E7A4F7556}") = "func_app", "func_app.csproj", "{388A5AE5-135F-477F-9214-53B866FC6DA5}"
EndProject
Global
	GlobalSection(SolutionConfigurationPlatforms) = preSolution
		Debug|Any CPU = Debug|Any CPU
		Release|Any CPU = Release|Any CPU
	EndGlobalSection
	GlobalSection(ProjectConfigurationPlatforms) = postSolution
		{388A5AE5-135F-477F-9214-53B866FC6DA5}.Debug|Any CPU.ActiveCfg = Debug|Any CPU
		{388A5AE5-135F-477F-9214-53B866FC6DA5}.Debug|Any CPU.Build.0 = Debug|Any CPU
		{388A5AE5-135F-477F-9214-53B866FC6DA5}.Release|Any CPU.ActiveCfg = Release|Any CPU
		{388A5AE5-135F-477F-9214-53B866FC6DA5}.Release|Any CPU.Build.0 = Release|Any CPU
	EndGlobalSection
	GlobalSection(SolutionProperties) = preSolution
		HideSolutionNode = FALSE
	EndGlobalSection
	GlobalSection(ExtensibilityGlobals) = postSolution
		SolutionGuid = {24E41C13-7499-4DEA-ADB4-25D3C5979BBE}
	EndGlobalSection
EndGlobal
